
Microsoft Visual Studio Solution File, Format Version 12.00
# Visual Studio Version 16
VisualStudioVersion = 16.0.29613.14
MinimumVisualStudioVersion = 10.0.40219.1
Project("{9A19103F-16F7-4668-BE54-9A1E7A4F7556}") = "WM.BL", "WM.BL\WM.BL.csproj", "{1695D0A3-44D6-4E62-BED4-07A54B0768D0}"
EndProject
Project("{2150E333-8FDC-42A3-9474-1A3956D46DE8}") = "Tests", "Tests", "{CA4373AD-493C-476F-BC23-2491412F3224}"
EndProject
Project("{FAE04EC0-301F-11D3-BF4B-00C04F79EFBC}") = "WMTest", "WMTest\WMTest.csproj", "{98DE760E-DE4B-4FC7-8BA0-B4984BDB22EB}"
EndProject
Project("{FAE04EC0-301F-11D3-BF4B-00C04F79EFBC}") = "EFRepository", "EFRepository\EFRepository.csproj", "{4ECA8371-B4B9-4C75-8F8E-2628BC85E87F}"
EndProject
Global
	GlobalSection(SolutionConfigurationPlatforms) = preSolution
		Debug|Any CPU = Debug|Any CPU
		Release|Any CPU = Release|Any CPU
	EndGlobalSection
	GlobalSection(ProjectConfigurationPlatforms) = postSolution
		{1695D0A3-44D6-4E62-BED4-07A54B0768D0}.Debug|Any CPU.ActiveCfg = Debug|Any CPU
		{1695D0A3-44D6-4E62-BED4-07A54B0768D0}.Debug|Any CPU.Build.0 = Debug|Any CPU
		{1695D0A3-44D6-4E62-BED4-07A54B0768D0}.Release|Any CPU.ActiveCfg = Release|Any CPU
		{1695D0A3-44D6-4E62-BED4-07A54B0768D0}.Release|Any CPU.Build.0 = Release|Any CPU
		{98DE760E-DE4B-4FC7-8BA0-B4984BDB22EB}.Debug|Any CPU.ActiveCfg = Debug|Any CPU
		{98DE760E-DE4B-4FC7-8BA0-B4984BDB22EB}.Debug|Any CPU.Build.0 = Debug|Any CPU
		{98DE760E-DE4B-4FC7-8BA0-B4984BDB22EB}.Release|Any CPU.ActiveCfg = Release|Any CPU
		{98DE760E-DE4B-4FC7-8BA0-B4984BDB22EB}.Release|Any CPU.Build.0 = Release|Any CPU
		{4ECA8371-B4B9-4C75-8F8E-2628BC85E87F}.Debug|Any CPU.ActiveCfg = Debug|Any CPU
		{4ECA8371-B4B9-4C75-8F8E-2628BC85E87F}.Debug|Any CPU.Build.0 = Debug|Any CPU
		{4ECA8371-B4B9-4C75-8F8E-2628BC85E87F}.Release|Any CPU.ActiveCfg = Release|Any CPU
		{4ECA8371-B4B9-4C75-8F8E-2628BC85E87F}.Release|Any CPU.Build.0 = Release|Any CPU
	EndGlobalSection
	GlobalSection(SolutionProperties) = preSolution
		HideSolutionNode = FALSE
	EndGlobalSection
	GlobalSection(NestedProjects) = preSolution
		{98DE760E-DE4B-4FC7-8BA0-B4984BDB22EB} = {CA4373AD-493C-476F-BC23-2491412F3224}
	EndGlobalSection
	GlobalSection(ExtensibilityGlobals) = postSolution
		SolutionGuid = {CBBB7CF4-8C04-4214-9687-8D06EF60B1ED}
	EndGlobalSection
EndGlobal
